<?xml version="1.0" encoding="utf-8"?>
<Project ToolsVersion="4.0" xmlns="http://schemas.microsoft.com/developer/msbuild/2003">
  <ItemGroup>
    <Filter Include="來源檔案">
      <UniqueIdentifier>{4FC737F1-C7A5-4376-A066-2A32D752A2FF}</UniqueIdentifier>
      <Extensions>cpp;c;cc;cxx;def;odl;idl;hpj;bat;asm;asmx</Extensions>
    </Filter>
    <Filter Include="標頭檔">
      <UniqueIdentifier>{93995380-89BD-4b04-88EB-625FBE52EBFB}</UniqueIdentifier>
      <Extensions>h;hh;hpp;hxx;hm;inl;inc;ipp;xsd</Extensions>
    </Filter>
    <Filter Include="資源檔">
      <UniqueIdentifier>{67DA6AB6-F800-4c08-8B7A-83BB121AAD01}</UniqueIdentifier>
      <Extensions>rc;ico;cur;bmp;dlg;rc2;rct;bin;rgs;gif;jpg;jpeg;jpe;resx;tiff;tif;png;wav;mfcribbon-ms</Extensions>
    </Filter>
    <Filter Include="來源檔案\Raw2img">
      <UniqueIdentifier>{9602ff4b-1342-4644-a00f-dc2022882bc7}</UniqueIdentifier>
    </Filter>
    <Filter Include="來源檔案\WarpPers">
      <UniqueIdentifier>{71b9636b-7215-4000-8a6d-d59bb9891ecd}</UniqueIdentifier>
    </Filter>
    <Filter Include="來源檔案\WarpCylindrical">
      <UniqueIdentifier>{9ea4332c-0540-41b4-9968-e13b1da09713}</UniqueIdentifier>
    </Filter>
  </ItemGroup>
  <ItemGroup>
    <ClCompile Include="Raw2Img\Raw2img.cpp">
      <Filter>來源檔案\Raw2img</Filter>
    </ClCompile>
    <ClCompile Include="WarpPers\WarpPers.cpp">
      <Filter>來源檔案\WarpPers</Filter>
    </ClCompile>
    <ClCompile Include="WarpPers_main.cpp">
      <Filter>來源檔案</Filter>
    </ClCompile>
    <ClCompile Include="WarpCyli\WarpCyli.cpp">
      <Filter>來源檔案\WarpCylindrical</Filter>
    </ClCompile>
  </ItemGroup>
  <ItemGroup>
    <ClInclude Include="Raw2Img\Raw2img.hpp">
      <Filter>來源檔案\Raw2img</Filter>
    </ClInclude>
    <ClInclude Include="Raw2Img\Raw2img_type.hpp">
      <Filter>來源檔案\Raw2img</Filter>
    </ClInclude>
    <ClInclude Include="WarpPers\WarpPers.hpp">
      <Filter>來源檔案\WarpPers</Filter>
    </ClInclude>
    <ClInclude Include="WarpCyli\WarpCyli.hpp">
      <Filter>來源檔案\WarpCylindrical</Filter>
    </ClInclude>
    <ClInclude Include="Sharelib.hpp">
      <Filter>標頭檔</Filter>
    </ClInclude>
  </ItemGroup>
  <ItemGroup>
    <None Include="..\README.md">
      <Filter>資源檔</Filter>
    </None>
  </ItemGroup>
</Project>